%{
  "amqp": {:hex, :amqp, "1.6.0", "736d976f53780bcee72ccc50f7eb36e3d5881354480b1e34ceac84e3bbd954e9", [:mix], [{:amqp_client, "~> 3.8.0", [hex: :amqp_client, repo: "hexpm", optional: false]}], "hexpm", "b8168919ea1f1571a68349421e6501d1db7f559c4db3b8324ae90dbd3e2c1c4a"},
  "amqp_client": {:hex, :amqp_client, "3.8.14", "7569517aefb47e0d1c41bca2f4768dc8a2d88487daf7819fecca0d78943f293c", [:make, :rebar3], [{:rabbit_common, "3.8.14", [hex: :rabbit_common, repo: "hexpm", optional: false]}], "hexpm", "e5ba3ac18abbe34a1d990a6bcac25633dc7061ab8f8d101c7dcff97f49f4c523"},
  "bunt": {:hex, :bunt, "0.2.0", "951c6e801e8b1d2cbe58ebbd3e616a869061ddadcc4863d0a2182541acae9a38", [:mix], [], "hexpm", "7af5c7e09fe1d40f76c8e4f9dd2be7cebd83909f31fee7cd0e9eadc567da8353"},
  "codec": {:git, "git@gitlab.aeon.world:tools/codec.git", "70d053f78a15824c3a858632f2608679d55963e7", [branch: "dev"]},
  "core": {:git, "git@gitlab.aeon.world:services/service.meta.core.git", "c4ccf57b02123908094b75fefc7968af305e7bea", [branch: "dev"]},
  "cowboy": {:hex, :cowboy, "2.9.0", "865dd8b6607e14cf03282e10e934023a1bd8be6f6bacf921a7e2a96d800cd452", [:make, :rebar3], [{:cowlib, "2.11.0", [hex: :cowlib, repo: "hexpm", optional: false]}, {:ranch, "1.8.0", [hex: :ranch, repo: "hexpm", optional: false]}], "hexpm", "2c729f934b4e1aa149aff882f57c6372c15399a20d54f65c8d67bef583021bde"},
  "cowlib": {:hex, :cowlib, "2.11.0", "0b9ff9c346629256c42ebe1eeb769a83c6cb771a6ee5960bd110ab0b9b872063", [:make, :rebar3], [], "hexpm", "2b3e9da0b21c4565751a6d4901c20d1b4cc25cbb7fd50d91d2ab6dd287bc86a9"},
  "credentials_obfuscation": {:hex, :credentials_obfuscation, "2.4.0", "9fb57683b84899ca3546b384e59ab5d3054a9f334eba50d74c82cd0ae82dd6ca", [:rebar3], [], "hexpm", "d28a89830e30698b075de9a4dbe683a20685c6bed1e3b7df744a0c06e6ff200a"},
  "credo": {:hex, :credo, "1.5.5", "e8f422026f553bc3bebb81c8e8bf1932f498ca03339856c7fec63d3faac8424b", [:mix], [{:bunt, "~> 0.2.0", [hex: :bunt, repo: "hexpm", optional: false]}, {:file_system, "~> 0.2.8", [hex: :file_system, repo: "hexpm", optional: false]}, {:jason, "~> 1.0", [hex: :jason, repo: "hexpm", optional: false]}], "hexpm", "dd8623ab7091956a855dc9f3062486add9c52d310dfd62748779c4315d8247de"},
  "dialyxir": {:hex, :dialyxir, "1.1.0", "c5aab0d6e71e5522e77beff7ba9e08f8e02bad90dfbeffae60eaf0cb47e29488", [:mix], [{:erlex, ">= 0.2.6", [hex: :erlex, repo: "hexpm", optional: false]}], "hexpm", "07ea8e49c45f15264ebe6d5b93799d4dd56a44036cf42d0ad9c960bc266c0b9a"},
  "distributed_lib": {:git, "git@gitlab.aeon.world:tools/distributed_lib.git", "a9396c2fefdfb8406db7a55f51842f4e4c71261a", [branch: "dev"]},
  "elli": {:hex, :elli, "3.3.0", "089218762a7ff3d20ae81c8e911bd0f73ee4ee0ed85454226d1fc6b4fff3b4f6", [:rebar3], [], "hexpm", "698b13b33d05661db9fe7efcba41b84825a379cce86e486cf6aff9285be0ccf8"},
  "erlex": {:hex, :erlex, "0.2.6", "c7987d15e899c7a2f34f5420d2a2ea0d659682c06ac607572df55a43753aa12e", [:mix], [], "hexpm", "2ed2e25711feb44d52b17d2780eabf998452f6efda104877a3881c2f8c0c0c75"},
  "etcd_client": {:git, "git@gitlab.aeon.world:tools/etcd_client.git", "abb35520fb05e8b6dd421d833d7b49b32ba2c98e", []},
  "ex_crypto": {:hex, :ex_crypto, "0.10.0", "af600a89b784b36613a989da6e998c1b200ff1214c3cfbaf8deca4aa2f0a1739", [:mix], [{:poison, ">= 2.0.0", [hex: :poison, repo: "hexpm", optional: false]}], "hexpm", "ccc7472cfe8a0f4565f97dce7e9280119bf15a5ea51c6535e5b65f00660cde1c"},
  "ex_hash_ring": {:hex, :ex_hash_ring, "3.0.0", "da32c83d7c6d964b9537eb52f27bad0a3a6f7012efdc2749e11a5f268b120b6b", [:mix], [], "hexpm", "376e06856f4aaaca2eb65bb0a6b5eaf18778892d782ccc30bc28558e66b440d8"},
  "ex_json_schema": {:hex, :ex_json_schema, "0.7.4", "09eb5b0c8184e5702bc89625a9d0c05c7a0a845d382e9f6f406a0fc1c9a8cc3f", [:mix], [], "hexpm", "45c67fa840f0d719a2b5578126dc29bcdc1f92499c0f61bcb8a3bcb5935f9684"},
  "file_system": {:hex, :file_system, "0.2.10", "fb082005a9cd1711c05b5248710f8826b02d7d1784e7c3451f9c1231d4fc162d", [:mix], [], "hexpm", "41195edbfb562a593726eda3b3e8b103a309b733ad25f3d642ba49696bf715dc"},
  "goldrush": {:hex, :goldrush, "0.1.9", "f06e5d5f1277da5c413e84d5a2924174182fb108dabb39d5ec548b27424cd106", [:rebar3], [], "hexpm", "99cb4128cffcb3227581e5d4d803d5413fa643f4eb96523f77d9e6937d994ceb"},
  "grpc": {:git, "https://github.com/elixir-grpc/grpc.git", "eff8a8828d27ddd7f63a3c1dd5aae86246df215e", []},
  "grpc_transport": {:git, "git@gitlab.aeon.world:tools/grpc_transport_v2.git", "0182e23fa6622c8d77d4c6f45c864564976fe4b2", [branch: "dev"]},
  "grpcbox": {:git, "git@gitlab.aeon.world:tools/grpcbox.git", "7e3a203814b071b059c6f113a5986f411ca82b00", [branch: "PRESENT-973"]},
  "gun": {:hex, :grpc_gun, "2.0.0", "f99678a2ab975e74372a756c86ec30a8384d3ac8a8b86c7ed6243ef4e61d2729", [:rebar3], [{:cowlib, "~> 2.8.0", [hex: :cowlib, repo: "hexpm", optional: false]}], "hexpm", "03dbbca1a9c604a0267a40ea1d69986225091acb822de0b2dbea21d5815e410b"},
  "hamcrest": {:hex, :basho_hamcrest, "0.4.1", "fb7b2c92d252a1e9db936750b86089addaebeb8f87967fb4bbdda61e8863338e", [:make, :mix, :rebar3], [], "hexpm", "26974025bc61bc09ef5b13be5dce5035ca11bf37bf4a865e9d86c455c942298f"},
  "helper": {:git, "git@gitlab.aeon.world:tools/helper.git", "385e39addce93794790644babc3222942960ee1d", [branch: "dev"]},
  "jason": {:hex, :jason, "1.2.2", "ba43e3f2709fd1aa1dce90aaabfd039d000469c05c56f0b8e31978e03fa39052", [:mix], [{:decimal, "~> 1.0 or ~> 2.0", [hex: :decimal, repo: "hexpm", optional: true]}], "hexpm", "18a228f5f0058ee183f29f9eae0805c6e59d61c3b006760668d8d18ff0d12179"},
  "jsx": {:hex, :jsx, "2.11.0", "08154624050333919b4ac1b789667d5f4db166dc50e190c4d778d1587f102ee0", [:rebar3], [], "hexpm", "eed26a0d04d217f9eecefffb89714452556cf90eb38f290a27a4d45b9988f8c0"},
  "lager": {:hex, :lager, "3.8.2", "b180b814fd8b7082b6ca8aaf287e55a908d304cfc7a240d32f4db2d07092b7d0", [:rebar3], [{:goldrush, "0.1.9", [hex: :goldrush, repo: "hexpm", optional: false]}], "hexpm", "73329ce700410b423f64aafc5f94583073904899098e4461f3558ed2980462ab"},
  "logger_json": {:hex, :logger_json, "4.1.0", "76037738cd0b71bfb6230c8e3dc505c4f5789bb47e7a2e3d4a0421c6778d48e4", [:mix], [{:ecto, "~> 2.1 or ~> 3.0", [hex: :ecto, repo: "hexpm", optional: true]}, {:jason, "~> 1.0", [hex: :jason, repo: "hexpm", optional: false]}, {:plug, "~> 1.0", [hex: :plug, repo: "hexpm", optional: true]}, {:telemetry, "~> 0.4.0", [hex: :telemetry, repo: "hexpm", optional: true]}], "hexpm", "eab61e32e8efe185dc679785c50cb71a91320b7c94104fa16d8d27d6d5984e95"},
  "poison": {:hex, :poison, "4.0.1", "bcb755a16fac91cad79bfe9fc3585bb07b9331e50cfe3420a24bcc2d735709ae", [:mix], [], "hexpm", "ba8836feea4b394bb718a161fc59a288fe0109b5006d6bdf97b6badfcf6f0f25"},
  "poolboy": {:hex, :poolboy, "1.5.2", "392b007a1693a64540cead79830443abf5762f5d30cf50bc95cb2c1aaafa006b", [:rebar3], [], "hexpm", "dad79704ce5440f3d5a3681c8590b9dc25d1a561e8f5a9c995281012860901e3"},
  "pretty": {:hex, :pretty, "1.0.7", "0ad7b4d9773ad6b2cb22848644d2d8849cb8ad3352cdc93b305cc1fa5098eb65", [:mix], [], "hexpm", "00024dde5bfd5488c4671da4f7e9fc434202992b34c59ad37918e2adb1de2c93"},
  "protobuf": {:hex, :protobuf, "0.7.1", "7d1b9f7d9ecb32eccd96b0c58572de4d1c09e9e3bc414e4cb15c2dce7013f195", [:mix], [], "hexpm", "6eff7a5287963719521c82e5d5b4583fd1d7cdd89ad129f0ea7d503a50a4d13f"},
  "rabbit_common": {:hex, :rabbit_common, "3.8.14", "cc1604891295cd82f34597f1526ac611ea7b6a0e57b3dd79b41cb4224bcc6ec5", [:make, :rebar3], [{:credentials_obfuscation, "2.4.0", [hex: :credentials_obfuscation, repo: "hexpm", optional: false]}, {:jsx, "2.11.0", [hex: :jsx, repo: "hexpm", optional: false]}, {:lager, "3.8.2", [hex: :lager, repo: "hexpm", optional: false]}, {:recon, "2.5.1", [hex: :recon, repo: "hexpm", optional: false]}], "hexpm", "27409e425413cdd3fc2c077cf08226c4a307d56b1467883f26ab3789b2e106d0"},
  "rabbit_transport": {:git, "git@gitlab.aeon.world:tools/rabbit_transport.git", "f2346fd2d05baf5ab4deb52017dcef0138963b01", [branch: "dev"]},
  "ranch": {:hex, :ranch, "1.8.0", "8c7a100a139fd57f17327b6413e4167ac559fbc04ca7448e9be9057311597a1d", [:make, :rebar3], [], "hexpm", "49fbcfd3682fab1f5d109351b61257676da1a2fdbe295904176d5e521a2ddfe5"},
  "recon": {:hex, :recon, "2.5.1", "430ffa60685ac1efdfb1fe4c97b8767c92d0d92e6e7c3e8621559ba77598678a", [:mix, :rebar3], [], "hexpm", "5721c6b6d50122d8f68cccac712caa1231f97894bab779eff5ff0f886cb44648"},
  "redbug": {:git, "https://github.com/massemanet/redbug.git", "14f6cf50d740d8e7a9226b98907bd66ea68390a0", []},
  "reliance": {:git, "git@gitlab.aeon.world:tools/reliance.git", "90e726519130fefdf8aa4d063a806215d5cbfbd6", [branch: "dev"]},
  "riak_pb": {:hex, :riak_pb, "2.3.2", "48ffbf66dbb3f136ab9a7134bac4e496754baa5ef58c4f50a61326736d996390", [:make, :mix, :rebar3], [{:hamcrest, "~> 0.4.1", [hex: :basho_hamcrest, repo: "hexpm", optional: false]}], "hexpm", "7c0644bcba8a423dd9c1ab85b6e7ff4df0712d8a350f9698647cff1996f0348c"},
  "riakc": {:hex, :riakc, "2.5.3", "6132d9e687a0dfd314b2b24c4594302ca8b55568a5d733c491d8fb6cd4004763", [:make, :mix, :rebar3], [{:riak_pb, "~> 2.3", [hex: :riak_pb, repo: "hexpm", optional: false]}], "hexpm", "32b3aced7b749bffd917153f68fa73c184b09b70ea6f37867db43dba273127bf"},
  "uuid": {:hex, :uuid, "1.1.8", "e22fc04499de0de3ed1116b770c7737779f226ceefa0badb3592e64d5cfb4eb9", [:mix], [], "hexpm", "c790593b4c3b601f5dc2378baae7efaf5b3d73c4c6456ba85759905be792f2ac"},
  "wizard": {:git, "git@gitlab.aeon.world:tools/wizard.git", "cac6f7a7a95622060ce077cd7e5b7956d5e07a76", [branch: "dev"]},
}
